{
  "nodes": {
    "crane": {
      "inputs": {
        "flake-compat": "flake-compat_2",
        "flake-utils": [
          "lanzaboote",
          "flake-utils"
        ],
        "nixpkgs": [
          "lanzaboote",
          "nixpkgs"
        ],
        "rust-overlay": [
          "lanzaboote",
          "rust-overlay"
        ]
      },
      "locked": {
        "lastModified": 1673056065,
        "narHash": "sha256-a68tMDTDqdAauxq377ALl4Uwm6oh9MeoY2WbTYRWZoo=",
        "owner": "ipetkov",
        "repo": "crane",
        "rev": "0144134311767fcee80213321f079a8ffa0b9cc1",
        "type": "github"
      },
      "original": {
        "owner": "ipetkov",
        "repo": "crane",
        "type": "github"
      }
    },
    "devshell": {
      "inputs": {
        "flake-utils": "flake-utils",
        "nixpkgs": "nixpkgs"
      },
      "locked": {
        "lastModified": 1676293499,
        "narHash": "sha256-uIOTlTxvrXxpKeTvwBI1JGDGtCxMXE3BI0LFwoQMhiQ=",
        "owner": "numtide",
        "repo": "devshell",
        "rev": "71e3022e3ab20bbf1342640547ef5bc14fb43bf4",
        "type": "github"
      },
      "original": {
        "owner": "numtide",
        "repo": "devshell",
        "type": "github"
      }
    },
    "emacs-ng": {
      "inputs": {
        "devshell": "devshell",
        "emacs-overlay": "emacs-overlay",
        "flake-compat": "flake-compat",
        "flake-utils": "flake-utils_3",
        "nixpkgs": "nixpkgs_3",
        "rust-overlay": "rust-overlay"
      },
      "locked": {
        "lastModified": 1676884594,
        "narHash": "sha256-FCPlj+b8bKtznwXysIM1NhLH45rKVWzgy87NV926T/A=",
        "owner": "emacs-ng",
        "repo": "emacs-ng",
        "rev": "7be8b6c5579148f8cbe28107bd579c080d0baa43",
        "type": "github"
      },
      "original": {
        "owner": "emacs-ng",
        "repo": "emacs-ng",
        "type": "github"
      }
    },
    "emacs-overlay": {
      "inputs": {
        "flake-utils": "flake-utils_2",
        "nixpkgs": "nixpkgs_2"
      },
      "locked": {
        "lastModified": 1672247295,
        "narHash": "sha256-nzwcwy6LVOLcqemTCUoJJp6nafCpcvyCG+T76Bb5OXM=",
        "owner": "nix-community",
        "repo": "emacs-overlay",
        "rev": "8ad6bfa7413d59d408bf1ea8680a03b17a949082",
        "type": "github"
      },
      "original": {
        "owner": "nix-community",
        "repo": "emacs-overlay",
        "type": "github"
      }
    },
    "emacs-overlay_2": {
      "inputs": {
        "flake-utils": "flake-utils_5",
        "nixpkgs": "nixpkgs_4"
      },
      "locked": {
        "lastModified": 1676917133,
        "narHash": "sha256-F5udwXbmIgRo2m3Fm7kZ/Rz+c+JVj9WTNlNBCMVqr6I=",
        "owner": "nix-community",
        "repo": "emacs-overlay",
        "rev": "d7eeebd439b52b77958eb3d8043f3262701ddee2",
        "type": "github"
      },
      "original": {
        "owner": "nix-community",
        "ref": "master",
        "repo": "emacs-overlay",
        "type": "github"
      }
    },
    "flake-compat": {
      "flake": false,
      "locked": {
        "lastModified": 1673956053,
        "narHash": "sha256-4gtG9iQuiKITOjNQQeQIpoIB6b16fm+504Ch3sNKLd8=",
        "owner": "edolstra",
        "repo": "flake-compat",
        "rev": "35bb57c0c8d8b62bbfd284272c928ceb64ddbde9",
        "type": "github"
      },
      "original": {
        "owner": "edolstra",
        "repo": "flake-compat",
        "type": "github"
      }
    },
    "flake-compat_2": {
      "flake": false,
      "locked": {
        "lastModified": 1668681692,
        "narHash": "sha256-Ht91NGdewz8IQLtWZ9LCeNXMSXHUss+9COoqu6JLmXU=",
        "owner": "edolstra",
        "repo": "flake-compat",
        "rev": "009399224d5e398d03b22badca40a37ac85412a1",
        "type": "github"
      },
      "original": {
        "owner": "edolstra",
        "repo": "flake-compat",
        "type": "github"
      }
    },
    "flake-compat_3": {
      "flake": false,
      "locked": {
        "lastModified": 1668681692,
        "narHash": "sha256-Ht91NGdewz8IQLtWZ9LCeNXMSXHUss+9COoqu6JLmXU=",
        "owner": "edolstra",
        "repo": "flake-compat",
        "rev": "009399224d5e398d03b22badca40a37ac85412a1",
        "type": "github"
      },
      "original": {
        "owner": "edolstra",
        "repo": "flake-compat",
        "type": "github"
      }
    },
    "flake-compat_4": {
      "flake": false,
      "locked": {
        "lastModified": 1668681692,
        "narHash": "sha256-Ht91NGdewz8IQLtWZ9LCeNXMSXHUss+9COoqu6JLmXU=",
        "owner": "edolstra",
        "repo": "flake-compat",
        "rev": "009399224d5e398d03b22badca40a37ac85412a1",
        "type": "github"
      },
      "original": {
        "owner": "edolstra",
        "repo": "flake-compat",
        "type": "github"
      }
    },
    "flake-parts": {
      "inputs": {
        "nixpkgs-lib": "nixpkgs-lib"
      },
      "locked": {
        "lastModified": 1673047662,
        "narHash": "sha256-dXYxH/0Ea5oQSkGAWWNy7HzmFutguycDGn2dt6lTYRQ=",
        "owner": "hercules-ci",
        "repo": "flake-parts",
        "rev": "aa1f6ca773b6e740037ebfb35f7010e0c3960638",
        "type": "github"
      },
      "original": {
        "owner": "hercules-ci",
        "repo": "flake-parts",
        "type": "github"
      }
    },
    "flake-utils": {
      "locked": {
        "lastModified": 1642700792,
        "narHash": "sha256-XqHrk7hFb+zBvRg6Ghl+AZDq03ov6OshJLiSWOoX5es=",
        "owner": "numtide",
        "repo": "flake-utils",
        "rev": "846b2ae0fc4cc943637d3d1def4454213e203cba",
        "type": "github"
      },
      "original": {
        "owner": "numtide",
        "repo": "flake-utils",
        "type": "github"
      }
    },
    "flake-utils_2": {
      "locked": {
        "lastModified": 1667395993,
        "narHash": "sha256-nuEHfE/LcWyuSWnS8t12N1wc105Qtau+/OdUAjtQ0rA=",
        "owner": "numtide",
        "repo": "flake-utils",
        "rev": "5aed5285a952e0b949eb3ba02c12fa4fcfef535f",
        "type": "github"
      },
      "original": {
        "owner": "numtide",
        "repo": "flake-utils",
        "type": "github"
      }
    },
    "flake-utils_3": {
      "locked": {
        "lastModified": 1676283394,
        "narHash": "sha256-XX2f9c3iySLCw54rJ/CZs+ZK6IQy7GXNY4nSOyu2QG4=",
        "owner": "numtide",
        "repo": "flake-utils",
        "rev": "3db36a8b464d0c4532ba1c7dda728f4576d6d073",
        "type": "github"
      },
      "original": {
        "owner": "numtide",
        "repo": "flake-utils",
        "type": "github"
      }
    },
    "flake-utils_4": {
      "locked": {
        "lastModified": 1659877975,
        "narHash": "sha256-zllb8aq3YO3h8B/U0/J1WBgAL8EX5yWf5pMj3G0NAmc=",
        "owner": "numtide",
        "repo": "flake-utils",
        "rev": "c0e246b9b83f637f4681389ecabcb2681b4f3af0",
        "type": "github"
      },
      "original": {
        "owner": "numtide",
        "repo": "flake-utils",
        "type": "github"
      }
    },
    "flake-utils_5": {
      "locked": {
        "lastModified": 1667395993,
        "narHash": "sha256-nuEHfE/LcWyuSWnS8t12N1wc105Qtau+/OdUAjtQ0rA=",
        "owner": "numtide",
        "repo": "flake-utils",
        "rev": "5aed5285a952e0b949eb3ba02c12fa4fcfef535f",
        "type": "github"
      },
      "original": {
        "owner": "numtide",
        "repo": "flake-utils",
        "type": "github"
      }
    },
    "flake-utils_6": {
      "locked": {
        "lastModified": 1667395993,
        "narHash": "sha256-nuEHfE/LcWyuSWnS8t12N1wc105Qtau+/OdUAjtQ0rA=",
        "owner": "numtide",
        "repo": "flake-utils",
        "rev": "5aed5285a952e0b949eb3ba02c12fa4fcfef535f",
        "type": "github"
      },
      "original": {
        "owner": "numtide",
        "repo": "flake-utils",
        "type": "github"
      }
    },
    "flake-utils_7": {
      "locked": {
        "lastModified": 1659877975,
        "narHash": "sha256-zllb8aq3YO3h8B/U0/J1WBgAL8EX5yWf5pMj3G0NAmc=",
        "owner": "numtide",
        "repo": "flake-utils",
        "rev": "c0e246b9b83f637f4681389ecabcb2681b4f3af0",
        "type": "github"
      },
      "original": {
        "owner": "numtide",
        "repo": "flake-utils",
        "type": "github"
      }
    },
    "flake-utils_8": {
      "locked": {
        "lastModified": 1659877975,
        "narHash": "sha256-zllb8aq3YO3h8B/U0/J1WBgAL8EX5yWf5pMj3G0NAmc=",
        "owner": "numtide",
        "repo": "flake-utils",
        "rev": "c0e246b9b83f637f4681389ecabcb2681b4f3af0",
        "type": "github"
      },
      "original": {
        "owner": "numtide",
        "repo": "flake-utils",
        "type": "github"
      }
    },
    "gitignore": {
      "inputs": {
        "nixpkgs": [
          "lanzaboote",
          "pre-commit-hooks-nix",
          "nixpkgs"
        ]
      },
      "locked": {
        "lastModified": 1660459072,
        "narHash": "sha256-8DFJjXG8zqoONA1vXtgeKXy68KdJL5UaXR8NtVMUbx8=",
        "owner": "hercules-ci",
        "repo": "gitignore.nix",
        "rev": "a20de23b925fd8264fd7fad6454652e142fd7f73",
        "type": "github"
      },
      "original": {
        "owner": "hercules-ci",
        "repo": "gitignore.nix",
        "type": "github"
      }
    },
    "home-manager": {
      "inputs": {
        "nixpkgs": [
          "nixpkgs"
        ],
        "utils": "utils"
      },
      "locked": {
        "lastModified": 1676892629,
        "narHash": "sha256-rlvsqoSBO5dCwfnn7xvImYREidIPJaiFS3b54TZF4pU=",
        "owner": "nix-community",
        "repo": "home-manager",
        "rev": "72ce74d3eae78a6b31538ea7ebe0c1fcf4a10f7a",
        "type": "github"
      },
      "original": {
        "owner": "nix-community",
        "ref": "master",
        "repo": "home-manager",
        "type": "github"
      }
    },
    "lanzaboote": {
      "inputs": {
        "crane": "crane",
        "flake-compat": "flake-compat_3",
        "flake-parts": "flake-parts",
        "flake-utils": "flake-utils_6",
        "nixpkgs": [
          "nixpkgs"
        ],
        "nixpkgs-test": "nixpkgs-test",
        "pre-commit-hooks-nix": "pre-commit-hooks-nix",
        "rust-overlay": "rust-overlay_2"
      },
      "locked": {
        "lastModified": 1678055231,
        "narHash": "sha256-lBJYtbHG+dZZuEU3kc2Rq+D2Tt8FibcMdP3oGiT1McA=",
        "owner": "nix-community",
        "repo": "lanzaboote",
        "rev": "f590204e8f04285f5909c05e90059330ff0b3ff0",
        "type": "github"
      },
      "original": {
        "owner": "nix-community",
        "repo": "lanzaboote",
        "type": "github"
      }
    },
    "naersk": {
      "inputs": {
        "nixpkgs": [
          "tree-grepper",
          "nixpkgs"
        ]
      },
      "locked": {
        "lastModified": 1662220400,
        "narHash": "sha256-9o2OGQqu4xyLZP9K6kNe1pTHnyPz0Wr3raGYnr9AIgY=",
        "owner": "nmattia",
        "repo": "naersk",
        "rev": "6944160c19cb591eb85bbf9b2f2768a935623ed3",
        "type": "github"
      },
      "original": {
        "owner": "nmattia",
        "repo": "naersk",
        "type": "github"
      }
    },
    "nixos-hardware": {
      "locked": {
        "lastModified": 1676924492,
        "narHash": "sha256-78278eyP55JRFe7UCpmFwdkrTY6H2arzTpVeteWo8kM=",
        "owner": "NixOS",
        "repo": "nixos-hardware",
        "rev": "d24ea777c57b69c6b143cf11d83184ef71b0dbbf",
        "type": "github"
      },
      "original": {
        "owner": "NixOS",
        "ref": "master",
        "repo": "nixos-hardware",
        "type": "github"
      }
    },
    "nixpkgs": {
      "locked": {
        "lastModified": 1643381941,
        "narHash": "sha256-pHTwvnN4tTsEKkWlXQ8JMY423epos8wUOhthpwJjtpc=",
        "owner": "NixOS",
        "repo": "nixpkgs",
        "rev": "5efc8ca954272c4376ac929f4c5ffefcc20551d5",
        "type": "github"
      },
      "original": {
        "owner": "NixOS",
        "ref": "nixpkgs-unstable",
        "repo": "nixpkgs",
        "type": "github"
      }
    },
    "nixpkgs-lib": {
      "locked": {
        "dir": "lib",
        "lastModified": 1672350804,
        "narHash": "sha256-jo6zkiCabUBn3ObuKXHGqqORUMH27gYDIFFfLq5P4wg=",
        "owner": "NixOS",
        "repo": "nixpkgs",
        "rev": "677ed08a50931e38382dbef01cba08a8f7eac8f6",
        "type": "github"
      },
      "original": {
        "dir": "lib",
        "owner": "NixOS",
        "ref": "nixos-unstable",
        "repo": "nixpkgs",
        "type": "github"
      }
    },
    "nixpkgs-stable": {
      "locked": {
        "lastModified": 1671271954,
        "narHash": "sha256-cSvu+bnvN08sOlTBWbBrKaBHQZq8mvk8bgpt0ZJ2Snc=",
        "owner": "NixOS",
        "repo": "nixpkgs",
        "rev": "d513b448cc2a6da2c8803e3c197c9fc7e67b19e3",
        "type": "github"
      },
      "original": {
        "owner": "NixOS",
        "ref": "nixos-22.05",
        "repo": "nixpkgs",
        "type": "github"
      }
    },
    "nixpkgs-test": {
      "locked": {
        "lastModified": 1671812130,
        "narHash": "sha256-GALBK+qB9rhnB+lVnxdgtMoXCySXughZZ3+qGO1Ke/k=",
        "owner": "RaitoBezarius",
        "repo": "nixpkgs",
        "rev": "e51bf8cc8e2c75192e930ad83ed272938729e7be",
        "type": "github"
      },
      "original": {
        "owner": "RaitoBezarius",
        "ref": "simplified-qemu-boot-disks",
        "repo": "nixpkgs",
        "type": "github"
      }
    },
    "nixpkgs_2": {
      "locked": {
        "lastModified": 1672249180,
        "narHash": "sha256-ipos/gTMHqxS39asqNWEJZ7nXdcTHa0TB0AIZXkGapg=",
        "owner": "NixOS",
        "repo": "nixpkgs",
        "rev": "e58a7747db96c23b8a977e7c1bbfc5753b81b6fa",
        "type": "github"
      },
      "original": {
        "id": "nixpkgs",
        "type": "indirect"
      }
    },
    "nixpkgs_3": {
      "locked": {
        "lastModified": 1676790509,
        "narHash": "sha256-W9uWAWokgS8US8rJf79qBLS2M+ZgIscfoz+KsNE7VGQ=",
        "owner": "NixOS",
        "repo": "nixpkgs",
        "rev": "a1291d0d020a200c7ce3c48e96090bfa4890a475",
        "type": "github"
      },
      "original": {
        "owner": "NixOS",
        "ref": "nixpkgs-unstable",
        "repo": "nixpkgs",
        "type": "github"
      }
    },
    "nixpkgs_4": {
      "locked": {
        "lastModified": 1673540789,
        "narHash": "sha256-xqnxBOK3qctIeUVxecydrEDbEXjsvHCPGPbvsl63M/U=",
        "owner": "NixOS",
        "repo": "nixpkgs",
        "rev": "0f213d0fee84280d8c3a97f7469b988d6fe5fcdf",
        "type": "github"
      },
      "original": {
        "owner": "NixOS",
        "ref": "nixos-unstable",
        "repo": "nixpkgs",
        "type": "github"
      }
    },
    "nixpkgs_5": {
      "locked": {
        "lastModified": 1677932085,
        "narHash": "sha256-+AB4dYllWig8iO6vAiGGYl0NEgmMgGHpy9gzWJ3322g=",
        "owner": "NixOS",
        "repo": "nixpkgs",
        "rev": "3c5319ad3aa51551182ac82ea17ab1c6b0f0df89",
        "type": "github"
      },
      "original": {
        "id": "nixpkgs",
        "ref": "nixos-unstable",
        "type": "indirect"
      }
    },
    "nixpkgs_6": {
      "locked": {
        "lastModified": 1665296151,
        "narHash": "sha256-uOB0oxqxN9K7XGF1hcnY+PQnlQJ+3bP2vCn/+Ru/bbc=",
        "owner": "NixOS",
        "repo": "nixpkgs",
        "rev": "14ccaaedd95a488dd7ae142757884d8e125b3363",
        "type": "github"
      },
      "original": {
        "owner": "NixOS",
        "ref": "nixpkgs-unstable",
        "repo": "nixpkgs",
        "type": "github"
      }
    },
    "nixpkgs_7": {
      "locked": {
        "lastModified": 1671007632,
        "narHash": "sha256-1uxNTBOa0SMypJKOWeUqrz2VfmwQ1hVgWckPdgDNip4=",
        "owner": "NixOS",
        "repo": "nixpkgs",
        "rev": "b9a0cd40ede905f554399f3f165895dccfd35f3b",
        "type": "github"
      },
      "original": {
        "owner": "NixOS",
        "ref": "nixpkgs-unstable",
        "repo": "nixpkgs",
        "type": "github"
      }
    },
    "pre-commit-hooks-nix": {
      "inputs": {
        "flake-compat": "flake-compat_4",
        "flake-utils": [
          "lanzaboote",
          "flake-utils"
        ],
        "gitignore": "gitignore",
        "nixpkgs": [
          "lanzaboote",
          "nixpkgs"
        ],
        "nixpkgs-stable": "nixpkgs-stable"
      },
      "locked": {
        "lastModified": 1672912243,
        "narHash": "sha256-QnQeKUjco2kO9J4rBqIBPp5XcOMblIMnmyhpjeaJBYc=",
        "owner": "cachix",
        "repo": "pre-commit-hooks.nix",
        "rev": "a4548c09eac4afb592ab2614f4a150120b29584c",
        "type": "github"
      },
      "original": {
        "owner": "cachix",
        "repo": "pre-commit-hooks.nix",
        "type": "github"
      }
    },
    "root": {
      "inputs": {
        "emacs-ng": "emacs-ng",
        "emacs-overlay": "emacs-overlay_2",
        "home-manager": "home-manager",
        "lanzaboote": "lanzaboote",
        "nixos-hardware": "nixos-hardware",
        "nixpkgs": "nixpkgs_5",
        "rust-overlay": "rust-overlay_3",
        "tree-grepper": "tree-grepper"
      }
    },
    "rust-overlay": {
      "inputs": {
        "flake-utils": "flake-utils_4",
        "nixpkgs": [
          "emacs-ng",
          "nixpkgs"
        ]
      },
      "locked": {
        "lastModified": 1676860326,
        "narHash": "sha256-Rsvi4Zl6N7phhC7RMoh05gAHSwTzWG+c+iR+/X0RqWU=",
        "owner": "oxalica",
        "repo": "rust-overlay",
        "rev": "98f11700e398cf2ae6da905df56badc17e265021",
        "type": "github"
      },
      "original": {
        "owner": "oxalica",
        "repo": "rust-overlay",
        "type": "github"
      }
    },
    "rust-overlay_2": {
      "inputs": {
        "flake-utils": [
          "lanzaboote",
          "flake-utils"
        ],
        "nixpkgs": [
          "lanzaboote",
          "nixpkgs"
        ]
      },
      "locked": {
        "lastModified": 1673058265,
        "narHash": "sha256-FFigGHIO9BQeIIKjH5dcpB+ey5CSgfy47wHPGeOhCps=",
        "owner": "oxalica",
        "repo": "rust-overlay",
        "rev": "802ff3314663ec7114f29a6e8b200dfc892023f8",
        "type": "github"
      },
      "original": {
        "owner": "oxalica",
        "repo": "rust-overlay",
        "type": "github"
      }
    },
    "rust-overlay_3": {
      "inputs": {
        "flake-utils": "flake-utils_7",
        "nixpkgs": "nixpkgs_6"
      },
      "locked": {
        "lastModified": 1676860326,
        "narHash": "sha256-Rsvi4Zl6N7phhC7RMoh05gAHSwTzWG+c+iR+/X0RqWU=",
        "owner": "oxalica",
        "repo": "rust-overlay",
        "rev": "98f11700e398cf2ae6da905df56badc17e265021",
        "type": "github"
      },
      "original": {
        "owner": "oxalica",
        "repo": "rust-overlay",
        "type": "github"
      }
    },
    "tree-grepper": {
      "inputs": {
        "flake-utils": "flake-utils_8",
        "naersk": "naersk",
        "nixpkgs": "nixpkgs_7",
        "tree-sitter-c": "tree-sitter-c",
        "tree-sitter-cpp": "tree-sitter-cpp",
        "tree-sitter-elixir": "tree-sitter-elixir",
        "tree-sitter-elm": "tree-sitter-elm",
        "tree-sitter-go": "tree-sitter-go",
        "tree-sitter-haskell": "tree-sitter-haskell",
        "tree-sitter-java": "tree-sitter-java",
        "tree-sitter-javascript": "tree-sitter-javascript",
        "tree-sitter-markdown": "tree-sitter-markdown",
        "tree-sitter-nix": "tree-sitter-nix",
        "tree-sitter-php": "tree-sitter-php",
        "tree-sitter-python": "tree-sitter-python",
        "tree-sitter-ruby": "tree-sitter-ruby",
        "tree-sitter-rust": "tree-sitter-rust",
        "tree-sitter-typescript": "tree-sitter-typescript"
      },
      "locked": {
        "lastModified": 1676551230,
        "narHash": "sha256-iP1mA2MtaLR9zE/y3BbvbQInD8MgBVQcWzf/mkzO59E=",
        "owner": "BrianHicks",
        "repo": "tree-grepper",
        "rev": "094395036a96276f74a8745d08e171c8fee286c2",
        "type": "github"
      },
      "original": {
        "owner": "BrianHicks",
        "repo": "tree-grepper",
        "type": "github"
      }
    },
    "tree-sitter-c": {
      "flake": false,
      "locked": {
        "lastModified": 1659391371,
        "narHash": "sha256-G9kVqX8walvpI7gPvPzS8g7X8RVM9y5wJHGOcyjJA/A=",
        "owner": "tree-sitter",
        "repo": "tree-sitter-c",
        "rev": "7175a6dd5fc1cee660dce6fe23f6043d75af424a",
        "type": "github"
      },
      "original": {
        "owner": "tree-sitter",
        "repo": "tree-sitter-c",
        "type": "github"
      }
    },
    "tree-sitter-cpp": {
      "flake": false,
      "locked": {
        "lastModified": 1659393295,
        "narHash": "sha256-8xfns5jhHznvGsQZ3gWsEEobHvamuHxgO8hhd5BefZ4=",
        "owner": "tree-sitter",
        "repo": "tree-sitter-cpp",
        "rev": "f40125503642845492d87fa56ece3ed26a4ef4db",
        "type": "github"
      },
      "original": {
        "owner": "tree-sitter",
        "repo": "tree-sitter-cpp",
        "type": "github"
      }
    },
    "tree-sitter-elixir": {
      "flake": false,
      "locked": {
        "lastModified": 1659637723,
        "narHash": "sha256-5nopPahI6VDxu9z2lKaXWMPZ+1EWYRM2S9k3cfRrxGM=",
        "owner": "elixir-lang",
        "repo": "tree-sitter-elixir",
        "rev": "05e3631c6a0701c1fa518b0fee7be95a2ceef5e2",
        "type": "github"
      },
      "original": {
        "owner": "elixir-lang",
        "ref": "main",
        "repo": "tree-sitter-elixir",
        "type": "github"
      }
    },
    "tree-sitter-elm": {
      "flake": false,
      "locked": {
        "lastModified": 1662202946,
        "narHash": "sha256-WtR+XEYr0zqObBFS/4fzDQyFJCKcMK8j9YFGu5C8siw=",
        "owner": "elm-tooling",
        "repo": "tree-sitter-elm",
        "rev": "cce0e5938e7779f86cf8bf445eadf7df4b88229d",
        "type": "github"
      },
      "original": {
        "owner": "elm-tooling",
        "ref": "main",
        "repo": "tree-sitter-elm",
        "type": "github"
      }
    },
    "tree-sitter-go": {
      "flake": false,
      "locked": {
        "lastModified": 1670492714,
        "narHash": "sha256-38pkqR9iEIEf9r3IHJPIYgKfWBlb9aQWi1kij04Vo5k=",
        "owner": "tree-sitter",
        "repo": "tree-sitter-go",
        "rev": "64457ea6b73ef5422ed1687178d4545c3e91334a",
        "type": "github"
      },
      "original": {
        "owner": "tree-sitter",
        "repo": "tree-sitter-go",
        "type": "github"
      }
    },
    "tree-sitter-haskell": {
      "flake": false,
      "locked": {
        "lastModified": 1662169786,
        "narHash": "sha256-94zxdt3JjC3iki639taHYmRwQIzOlOM6H9C3sKnRj/o=",
        "owner": "tree-sitter",
        "repo": "tree-sitter-haskell",
        "rev": "e30bdfd53eb28c73f26a68b77d436fd2140af167",
        "type": "github"
      },
      "original": {
        "owner": "tree-sitter",
        "repo": "tree-sitter-haskell",
        "type": "github"
      }
    },
    "tree-sitter-java": {
      "flake": false,
      "locked": {
        "lastModified": 1674849453,
        "narHash": "sha256-JeQZ4TMpt6Lfbcfc6m/PzhFZEgTdouasJ3b1sPISy2s=",
        "owner": "tree-sitter",
        "repo": "tree-sitter-java",
        "rev": "dd597f13eb9bab0c1bccc9aec390e8e6ebf9e0a6",
        "type": "github"
      },
      "original": {
        "owner": "tree-sitter",
        "repo": "tree-sitter-java",
        "type": "github"
      }
    },
    "tree-sitter-javascript": {
      "flake": false,
      "locked": {
        "lastModified": 1660825759,
        "narHash": "sha256-uZW1L9ZE1YSZbwxiqSDiKycWv5mSRG4k4MlWFYoWRbw=",
        "owner": "tree-sitter",
        "repo": "tree-sitter-javascript",
        "rev": "936d976a782e75395d9b1c8c7c7bf4ba6fe0d86b",
        "type": "github"
      },
      "original": {
        "owner": "tree-sitter",
        "repo": "tree-sitter-javascript",
        "type": "github"
      }
    },
    "tree-sitter-markdown": {
      "flake": false,
      "locked": {
        "lastModified": 1618750161,
        "narHash": "sha256-86sDA+8xROfuWiNrWTfN7sExAqwfj+CyXq+ZeHpKSKg=",
        "owner": "ikatyang",
        "repo": "tree-sitter-markdown",
        "rev": "8b8b77af0493e26d378135a3e7f5ae25b555b375",
        "type": "github"
      },
      "original": {
        "owner": "ikatyang",
        "repo": "tree-sitter-markdown",
        "type": "github"
      }
    },
    "tree-sitter-nix": {
      "flake": false,
      "locked": {
        "lastModified": 1652985475,
        "narHash": "sha256-uTgSj4zz8WvzwIr7UO78F45nzVSjjitdtKY8GV4iL+w=",
        "owner": "cstrahan",
        "repo": "tree-sitter-nix",
        "rev": "6b71a810c0acd49b980c50fc79092561f7cee307",
        "type": "github"
      },
      "original": {
        "owner": "cstrahan",
        "repo": "tree-sitter-nix",
        "type": "github"
      }
    },
    "tree-sitter-php": {
      "flake": false,
      "locked": {
        "lastModified": 1657967105,
        "narHash": "sha256-wGGKAf8ZcYWEznkdSfKMwqcvXrMaE09WR4swZY1ucwY=",
        "owner": "tree-sitter",
        "repo": "tree-sitter-php",
        "rev": "670d1eb6822d8c7ade1c71232e0bef42757b9da7",
        "type": "github"
      },
      "original": {
        "owner": "tree-sitter",
        "repo": "tree-sitter-php",
        "type": "github"
      }
    },
    "tree-sitter-python": {
      "flake": false,
      "locked": {
        "lastModified": 1670432603,
        "narHash": "sha256-D2++Xg7dRfjGM2r4cxaXGQnBOAX5JBREcEAJeNa7Y9M=",
        "owner": "tree-sitter",
        "repo": "tree-sitter-python",
        "rev": "9e53981ec31b789ee26162ea335de71f02186003",
        "type": "github"
      },
      "original": {
        "owner": "tree-sitter",
        "repo": "tree-sitter-python",
        "type": "github"
      }
    },
    "tree-sitter-ruby": {
      "flake": false,
      "locked": {
        "lastModified": 1662136138,
        "narHash": "sha256-BjdgNxXoaZ+nYrszd8trL0Cu4hnQNZkSWejTThkAn0o=",
        "owner": "tree-sitter",
        "repo": "tree-sitter-ruby",
        "rev": "656abef0645caea793e33c1c773570722463e1d8",
        "type": "github"
      },
      "original": {
        "owner": "tree-sitter",
        "repo": "tree-sitter-ruby",
        "type": "github"
      }
    },
    "tree-sitter-rust": {
      "flake": false,
      "locked": {
        "lastModified": 1660820867,
        "narHash": "sha256-v6ExAQxXIOeLfCjxbIhVEd7XBCkXHCiukRyrUqEBxIA=",
        "owner": "tree-sitter",
        "repo": "tree-sitter-rust",
        "rev": "47b061c1e1ba3a7e9c2f450363a50e87de3f7c61",
        "type": "github"
      },
      "original": {
        "owner": "tree-sitter",
        "repo": "tree-sitter-rust",
        "type": "github"
      }
    },
    "tree-sitter-typescript": {
      "flake": false,
      "locked": {
        "lastModified": 1661450839,
        "narHash": "sha256-PSOfb96ROwjs8OUomwRuiCY2fNGzJ2EohQvW1+giLHg=",
        "owner": "tree-sitter",
        "repo": "tree-sitter-typescript",
        "rev": "082da44a5263599186dadafd2c974c19f3a73d28",
        "type": "github"
      },
      "original": {
        "owner": "tree-sitter",
        "repo": "tree-sitter-typescript",
        "type": "github"
      }
    },
    "utils": {
      "locked": {
        "lastModified": 1667395993,
        "narHash": "sha256-nuEHfE/LcWyuSWnS8t12N1wc105Qtau+/OdUAjtQ0rA=",
        "owner": "numtide",
        "repo": "flake-utils",
        "rev": "5aed5285a952e0b949eb3ba02c12fa4fcfef535f",
        "type": "github"
      },
      "original": {
        "owner": "numtide",
        "repo": "flake-utils",
        "type": "github"
      }
    }
  },
  "root": "root",
  "version": 7
}
